
Microsoft Visual Studio Solution File, Format Version 12.00
# Visual Studio Version 17
VisualStudioVersion = 17.14.36429.23
MinimumVisualStudioVersion = 10.0.40219.1
Project("{FAE04EC0-301F-11D3-BF4B-00C04F79EFBC}") = "Labb 2", "Labb 2\Labb 2.csproj", "{AA5CB4F2-64C6-4614-82BA-ABE1DFFB5BD5}"
EndProject
Global
	GlobalSection(SolutionConfigurationPlatforms) = preSolution
		Debug|Any CPU = Debug|Any CPU
		Release|Any CPU = Release|Any CPU
	EndGlobalSection
	GlobalSection(ProjectConfigurationPlatforms) = postSolution
		{AA5CB4F2-64C6-4614-82BA-ABE1DFFB5BD5}.Debug|Any CPU.ActiveCfg = Debug|Any CPU
		{AA5CB4F2-64C6-4614-82BA-ABE1DFFB5BD5}.Debug|Any CPU.Build.0 = Debug|Any CPU
		{AA5CB4F2-64C6-4614-82BA-ABE1DFFB5BD5}.Release|Any CPU.ActiveCfg = Release|Any CPU
		{AA5CB4F2-64C6-4614-82BA-ABE1DFFB5BD5}.Release|Any CPU.Build.0 = Release|Any CPU
	EndGlobalSection
	GlobalSection(SolutionProperties) = preSolution
		HideSolutionNode = FALSE
	EndGlobalSection
	GlobalSection(ExtensibilityGlobals) = postSolution
		SolutionGuid = {8C352783-D177-4242-BC75-983FB68C0D95}
	EndGlobalSection
EndGlobal
